
Microsoft Visual Studio Solution File, Format Version 12.00
# Visual Studio 14
VisualStudioVersion = 14.0.25420.1
MinimumVisualStudioVersion = 10.0.40219.1
Project("{FAE04EC0-301F-11D3-BF4B-00C04F79EFBC}") = "Portal3", "Portal3\Portal3.csproj", "{074237A3-6214-438F-8DB3-4AB10ECA353D}"
EndProject
Global
	GlobalSection(SolutionConfigurationPlatforms) = preSolution
		Debug|Any CPU = Debug|Any CPU
		Release|Any CPU = Release|Any CPU
	EndGlobalSection
	GlobalSection(ProjectConfigurationPlatforms) = postSolution
		{074237A3-6214-438F-8DB3-4AB10ECA353D}.Debug|Any CPU.ActiveCfg = Debug|Any CPU
		{074237A3-6214-438F-8DB3-4AB10ECA353D}.Debug|Any CPU.Build.0 = Debug|Any CPU
		{074237A3-6214-438F-8DB3-4AB10ECA353D}.Release|Any CPU.ActiveCfg = Release|Any CPU
		{074237A3-6214-438F-8DB3-4AB10ECA353D}.Release|Any CPU.Build.0 = Release|Any CPU
	EndGlobalSection
	GlobalSection(SolutionProperties) = preSolution
		HideSolutionNode = FALSE
	EndGlobalSection
EndGlobal
